
Microsoft Visual Studio Solution File, Format Version 11.00
# Visual Studio 2010
Project("{FAE04EC0-301F-11D3-BF4B-00C04F79EFBC}") = "Microsoft.MixedReality.Toolkit.SDK", "Microsoft.MixedReality.Toolkit.SDK.csproj", "{465B19D1-AB7D-4040-0E76-FCE580A4E42A}"
EndProject
Project("{FAE04EC0-301F-11D3-BF4B-00C04F79EFBC}") = "Microsoft.MixedReality.Toolkit.Providers.OpenVR", "Microsoft.MixedReality.Toolkit.Providers.OpenVR.csproj", "{AC8A5A23-9995-AD13-7F4C-3BDEFC33C699}"
EndProject
Project("{FAE04EC0-301F-11D3-BF4B-00C04F79EFBC}") = "Assembly-CSharp", "Assembly-CSharp.csproj", "{0203E3C4-6856-86E5-DD8C-DFAE88EF05EF}"
EndProject
Project("{FAE04EC0-301F-11D3-BF4B-00C04F79EFBC}") = "Microsoft.MixedReality.Toolkit", "Microsoft.MixedReality.Toolkit.csproj", "{609E6987-B2DA-D8FC-5A10-4B40D632A980}"
EndProject
Project("{FAE04EC0-301F-11D3-BF4B-00C04F79EFBC}") = "Microsoft.MixedReality.Toolkit.Services.SpatialAwarenessSystem", "Microsoft.MixedReality.Toolkit.Services.SpatialAwarenessSystem.csproj", "{0985ED03-30D2-E733-C47E-5271337BDB7D}"
EndProject
Project("{FAE04EC0-301F-11D3-BF4B-00C04F79EFBC}") = "Microsoft.MixedReality.Toolkit.Extensions.SceneTransitionService", "Microsoft.MixedReality.Toolkit.Extensions.SceneTransitionService.csproj", "{6517CA8C-AB3B-51E4-040A-A22F5769025F}"
EndProject
Project("{FAE04EC0-301F-11D3-BF4B-00C04F79EFBC}") = "Microsoft.MixedReality.Toolkit.Gltf", "Microsoft.MixedReality.Toolkit.Gltf.csproj", "{8860D77F-5BEA-C6C2-B4B2-FB5C519A761B}"
EndProject
Project("{FAE04EC0-301F-11D3-BF4B-00C04F79EFBC}") = "Microsoft.MixedReality.Toolkit.Services.SceneSystem", "Microsoft.MixedReality.Toolkit.Services.SceneSystem.csproj", "{39A8C45F-59EF-1328-DD40-FBF74D6403FD}"
EndProject
Project("{FAE04EC0-301F-11D3-BF4B-00C04F79EFBC}") = "Microsoft.MixedReality.Toolkit.Services.InputSystem", "Microsoft.MixedReality.Toolkit.Services.InputSystem.csproj", "{E1ADB783-B689-1308-658A-FC612768EE9A}"
EndProject
Project("{FAE04EC0-301F-11D3-BF4B-00C04F79EFBC}") = "Microsoft.MixedReality.Toolkit.Providers.XRSDK.WindowsMixedReality", "Microsoft.MixedReality.Toolkit.Providers.XRSDK.WindowsMixedReality.csproj", "{3452515F-EB93-9FD3-CBD8-B95661057D32}"
EndProject
Project("{FAE04EC0-301F-11D3-BF4B-00C04F79EFBC}") = "Microsoft.MixedReality.Toolkit.Services.InputSimulation", "Microsoft.MixedReality.Toolkit.Services.InputSimulation.csproj", "{CA9C9E8C-0E9E-DE7D-2283-9EC8ADBD3A72}"
EndProject
Project("{FAE04EC0-301F-11D3-BF4B-00C04F79EFBC}") = "Microsoft.MixedReality.Toolkit.Providers.UnityAR", "Microsoft.MixedReality.Toolkit.Providers.UnityAR.csproj", "{773F8B94-FB01-CD63-13D5-C2945CF2D11A}"
EndProject
Project("{FAE04EC0-301F-11D3-BF4B-00C04F79EFBC}") = "Microsoft.MixedReality.Toolkit.Services.InputAnimation", "Microsoft.MixedReality.Toolkit.Services.InputAnimation.csproj", "{7AF07AE0-719D-8E7C-A9C8-718CBB90AEB6}"
EndProject
Project("{FAE04EC0-301F-11D3-BF4B-00C04F79EFBC}") = "Microsoft.MixedReality.Toolkit.Providers.WindowsVoiceInput", "Microsoft.MixedReality.Toolkit.Providers.WindowsVoiceInput.csproj", "{244B3EB0-3CB0-3407-5F4C-136C454C85ED}"
EndProject
Project("{FAE04EC0-301F-11D3-BF4B-00C04F79EFBC}") = "Microsoft.MixedReality.Toolkit.Extensions.Tracking", "Microsoft.MixedReality.Toolkit.Extensions.Tracking.csproj", "{4F11CCEF-D52C-B0D3-493B-CF5BA73507A9}"
EndProject
Project("{FAE04EC0-301F-11D3-BF4B-00C04F79EFBC}") = "Microsoft.MixedReality.Toolkit.Services.DiagnosticsSystem", "Microsoft.MixedReality.Toolkit.Services.DiagnosticsSystem.csproj", "{4BFE08C5-56D7-142F-BA43-D7F79353BADA}"
EndProject
Project("{FAE04EC0-301F-11D3-BF4B-00C04F79EFBC}") = "Microsoft.MixedReality.Toolkit.Extensions.HandPhysics", "Microsoft.MixedReality.Toolkit.Extensions.HandPhysics.csproj", "{2DC01B80-D18D-34E4-B9C8-F3E2DBF5E621}"
EndProject
Project("{FAE04EC0-301F-11D3-BF4B-00C04F79EFBC}") = "Microsoft.MixedReality.Toolkit.Async", "Microsoft.MixedReality.Toolkit.Async.csproj", "{589C06F4-0456-6963-9A39-917396411983}"
EndProject
Project("{FAE04EC0-301F-11D3-BF4B-00C04F79EFBC}") = "Microsoft.MixedReality.Toolkit.Providers.WindowsMixedReality", "Microsoft.MixedReality.Toolkit.Providers.WindowsMixedReality.csproj", "{514475C6-6FE2-F7B4-690A-4AC7018BB2E6}"
EndProject
Project("{FAE04EC0-301F-11D3-BF4B-00C04F79EFBC}") = "Microsoft.MixedReality.Toolkit.Providers.WindowsMixedReality.Shared", "Microsoft.MixedReality.Toolkit.Providers.WindowsMixedReality.Shared.csproj", "{332838D3-D211-2BF9-48B6-7CD4A2241DE4}"
EndProject
Project("{FAE04EC0-301F-11D3-BF4B-00C04F79EFBC}") = "Microsoft.MixedReality.Toolkit.Services.TeleportSystem", "Microsoft.MixedReality.Toolkit.Services.TeleportSystem.csproj", "{08402725-DC3E-6C0B-9E43-1A6D6E15E9BA}"
EndProject
Project("{FAE04EC0-301F-11D3-BF4B-00C04F79EFBC}") = "Microsoft.MixedReality.Toolkit.Tools.Runtime", "Microsoft.MixedReality.Toolkit.Tools.Runtime.csproj", "{3C2D137C-4CE1-5850-6C17-A3C69ED11574}"
EndProject
Project("{FAE04EC0-301F-11D3-BF4B-00C04F79EFBC}") = "Microsoft.MixedReality.Toolkit.Providers.XRSDK", "Microsoft.MixedReality.Toolkit.Providers.XRSDK.csproj", "{557ADC80-3EEE-2BAB-6E31-7259D1E2EE2F}"
EndProject
Project("{FAE04EC0-301F-11D3-BF4B-00C04F79EFBC}") = "Microsoft.MixedReality.Toolkit.Services.CameraSystem", "Microsoft.MixedReality.Toolkit.Services.CameraSystem.csproj", "{38F6A7AB-8F9E-069A-71BB-8591FD962640}"
EndProject
Project("{FAE04EC0-301F-11D3-BF4B-00C04F79EFBC}") = "Microsoft.MixedReality.Toolkit.Services.BoundarySystem", "Microsoft.MixedReality.Toolkit.Services.BoundarySystem.csproj", "{4800D534-A91A-B5E3-7E07-595AD7016F1B}"
EndProject
Project("{FAE04EC0-301F-11D3-BF4B-00C04F79EFBC}") = "Microsoft.MixedReality.Toolkit.SDK.Inspectors", "Microsoft.MixedReality.Toolkit.SDK.Inspectors.csproj", "{A47C0455-AFF4-E4D4-CF61-5524A566C6E1}"
EndProject
Project("{FAE04EC0-301F-11D3-BF4B-00C04F79EFBC}") = "Microsoft.MixedReality.Toolkit.Editor.Inspectors", "Microsoft.MixedReality.Toolkit.Editor.Inspectors.csproj", "{64416902-79A3-1D6B-5EB3-239EF7EE6FCF}"
EndProject
Project("{FAE04EC0-301F-11D3-BF4B-00C04F79EFBC}") = "Microsoft.MixedReality.Toolkit.Editor.ServiceInspectors", "Microsoft.MixedReality.Toolkit.Editor.ServiceInspectors.csproj", "{22DB51AB-48AD-0747-6BE1-34FB17B491C2}"
EndProject
Project("{FAE04EC0-301F-11D3-BF4B-00C04F79EFBC}") = "Microsoft.MixedReality.Toolkit.SDK.Experimental.Inspectors", "Microsoft.MixedReality.Toolkit.SDK.Experimental.Inspectors.csproj", "{52FE32A6-2AD2-DEBA-3C17-81FDFFCE1FB0}"
EndProject
Project("{FAE04EC0-301F-11D3-BF4B-00C04F79EFBC}") = "Microsoft.MixedReality.Toolkit.Providers.XRSDK.WindowsMixedReality.Editor", "Microsoft.MixedReality.Toolkit.Providers.XRSDK.WindowsMixedReality.Editor.csproj", "{49354087-A0F5-8D98-5D57-76C741FE8C03}"
EndProject
Project("{FAE04EC0-301F-11D3-BF4B-00C04F79EFBC}") = "Microsoft.MixedReality.Toolkit.Editor.Utilities", "Microsoft.MixedReality.Toolkit.Editor.Utilities.csproj", "{6E7A5F3B-FA31-EE85-74D8-7CB04FBB8A48}"
EndProject
Project("{FAE04EC0-301F-11D3-BF4B-00C04F79EFBC}") = "Microsoft.MixedReality.Toolkit.Tools", "Microsoft.MixedReality.Toolkit.Tools.csproj", "{2BFC63EE-290D-46F0-5131-A58B3A593682}"
EndProject
Project("{FAE04EC0-301F-11D3-BF4B-00C04F79EFBC}") = "Microsoft.MixedReality.Toolkit.Providers.ObjectMeshObserver", "Microsoft.MixedReality.Toolkit.Providers.ObjectMeshObserver.csproj", "{3BE73FC5-67DE-1E28-3E6B-EF39B87CF8EB}"
EndProject
Project("{FAE04EC0-301F-11D3-BF4B-00C04F79EFBC}") = "Microsoft.MixedReality.Toolkit.Editor.ClassExtensions", "Microsoft.MixedReality.Toolkit.Editor.ClassExtensions.csproj", "{8C2EC605-6EE3-CF3E-F21B-835ADEC911C2}"
EndProject
Project("{FAE04EC0-301F-11D3-BF4B-00C04F79EFBC}") = "Microsoft.MixedReality.Toolkit.Gltf.Importers", "Microsoft.MixedReality.Toolkit.Gltf.Importers.csproj", "{C96A4957-6A44-55F1-F114-D7E507F1729A}"
EndProject
Project("{FAE04EC0-301F-11D3-BF4B-00C04F79EFBC}") = "Microsoft.MixedReality.Toolkit.Providers.WindowsMixedReality.ConfigCheck", "Microsoft.MixedReality.Toolkit.Providers.WindowsMixedReality.ConfigCheck.csproj", "{24EC843D-B64B-4562-7469-7C76E4EE2C44}"
EndProject
Project("{FAE04EC0-301F-11D3-BF4B-00C04F79EFBC}") = "Microsoft.MixedReality.Toolkit.Services.InputSimulation.Editor", "Microsoft.MixedReality.Toolkit.Services.InputSimulation.Editor.csproj", "{F182A4A1-4FCB-C820-AB54-090000371E18}"
EndProject
Project("{FAE04EC0-301F-11D3-BF4B-00C04F79EFBC}") = "Microsoft.MixedReality.Toolkit.MSBuild", "Microsoft.MixedReality.Toolkit.MSBuild.csproj", "{8712A488-56C0-9939-ADDE-C790680F95DF}"
EndProject
Project("{FAE04EC0-301F-11D3-BF4B-00C04F79EFBC}") = "Microsoft.MixedReality.Toolkit.Editor.BuildAndDeploy", "Microsoft.MixedReality.Toolkit.Editor.BuildAndDeploy.csproj", "{4F5DE387-4FE1-EF0E-98AD-A994A7D1A548}"
EndProject
Project("{FAE04EC0-301F-11D3-BF4B-00C04F79EFBC}") = "Microsoft.MixedReality.Toolkit.Providers.UnityAR.ConfigCheck", "Microsoft.MixedReality.Toolkit.Providers.UnityAR.ConfigCheck.csproj", "{2D8F199D-3F48-E801-52AD-883160975DB5}"
EndProject
Project("{FAE04EC0-301F-11D3-BF4B-00C04F79EFBC}") = "Microsoft.MixedReality.Toolkit.Providers.XRSDK.ConfigCheck", "Microsoft.MixedReality.Toolkit.Providers.XRSDK.ConfigCheck.csproj", "{980A17A5-EF31-1FD1-5724-9870D9930E3D}"
EndProject
Project("{FAE04EC0-301F-11D3-BF4B-00C04F79EFBC}") = "Microsoft.MixedReality.Toolkit.Providers.UnityAR.Editor", "Microsoft.MixedReality.Toolkit.Providers.UnityAR.Editor.csproj", "{A051686A-DB12-FA03-C766-3B121BA933BC}"
EndProject
Project("{FAE04EC0-301F-11D3-BF4B-00C04F79EFBC}") = "Assembly-CSharp-Editor-firstpass", "Assembly-CSharp-Editor-firstpass.csproj", "{6341FD76-5055-8B0C-B364-C8DD70822935}"
EndProject
Project("{FAE04EC0-301F-11D3-BF4B-00C04F79EFBC}") = "Microsoft.MixedReality.Toolkit.Extensions.Tracking.Editor", "Microsoft.MixedReality.Toolkit.Extensions.Tracking.Editor.csproj", "{234B9E1F-3A5C-4C69-7E02-770D84E0E2A5}"
EndProject
Project("{FAE04EC0-301F-11D3-BF4B-00C04F79EFBC}") = "Microsoft.MixedReality.Toolkit.Providers.WindowsMixedReality.Editor", "Microsoft.MixedReality.Toolkit.Providers.WindowsMixedReality.Editor.csproj", "{34E03EDB-9F64-E1C1-F1C0-78822C2E4B23}"
EndProject
Project("{FAE04EC0-301F-11D3-BF4B-00C04F79EFBC}") = "Microsoft.MixedReality.Toolkit.Services.InputSystem.Editor", "Microsoft.MixedReality.Toolkit.Services.InputSystem.Editor.csproj", "{60BF090D-17A5-ECB0-1446-3D8082382F35}"
EndProject
Global
	GlobalSection(SolutionConfigurationPlatforms) = preSolution
		Debug|Any CPU = Debug|Any CPU
		Release|Any CPU = Release|Any CPU
	EndGlobalSection
	GlobalSection(ProjectConfigurationPlatforms) = postSolution
		{465B19D1-AB7D-4040-0E76-FCE580A4E42A}.Debug|Any CPU.ActiveCfg = Debug|Any CPU
		{465B19D1-AB7D-4040-0E76-FCE580A4E42A}.Debug|Any CPU.Build.0 = Debug|Any CPU
		{465B19D1-AB7D-4040-0E76-FCE580A4E42A}.Release|Any CPU.ActiveCfg = Release|Any CPU
		{465B19D1-AB7D-4040-0E76-FCE580A4E42A}.Release|Any CPU.Build.0 = Release|Any CPU
		{AC8A5A23-9995-AD13-7F4C-3BDEFC33C699}.Debug|Any CPU.ActiveCfg = Debug|Any CPU
		{AC8A5A23-9995-AD13-7F4C-3BDEFC33C699}.Debug|Any CPU.Build.0 = Debug|Any CPU
		{AC8A5A23-9995-AD13-7F4C-3BDEFC33C699}.Release|Any CPU.ActiveCfg = Release|Any CPU
		{AC8A5A23-9995-AD13-7F4C-3BDEFC33C699}.Release|Any CPU.Build.0 = Release|Any CPU
		{0203E3C4-6856-86E5-DD8C-DFAE88EF05EF}.Debug|Any CPU.ActiveCfg = Debug|Any CPU
		{0203E3C4-6856-86E5-DD8C-DFAE88EF05EF}.Debug|Any CPU.Build.0 = Debug|Any CPU
		{0203E3C4-6856-86E5-DD8C-DFAE88EF05EF}.Release|Any CPU.ActiveCfg = Release|Any CPU
		{0203E3C4-6856-86E5-DD8C-DFAE88EF05EF}.Release|Any CPU.Build.0 = Release|Any CPU
		{609E6987-B2DA-D8FC-5A10-4B40D632A980}.Debug|Any CPU.ActiveCfg = Debug|Any CPU
		{609E6987-B2DA-D8FC-5A10-4B40D632A980}.Debug|Any CPU.Build.0 = Debug|Any CPU
		{609E6987-B2DA-D8FC-5A10-4B40D632A980}.Release|Any CPU.ActiveCfg = Release|Any CPU
		{609E6987-B2DA-D8FC-5A10-4B40D632A980}.Release|Any CPU.Build.0 = Release|Any CPU
		{0985ED03-30D2-E733-C47E-5271337BDB7D}.Debug|Any CPU.ActiveCfg = Debug|Any CPU
		{0985ED03-30D2-E733-C47E-5271337BDB7D}.Debug|Any CPU.Build.0 = Debug|Any CPU
		{0985ED03-30D2-E733-C47E-5271337BDB7D}.Release|Any CPU.ActiveCfg = Release|Any CPU
		{0985ED03-30D2-E733-C47E-5271337BDB7D}.Release|Any CPU.Build.0 = Release|Any CPU
		{6517CA8C-AB3B-51E4-040A-A22F5769025F}.Debug|Any CPU.ActiveCfg = Debug|Any CPU
		{6517CA8C-AB3B-51E4-040A-A22F5769025F}.Debug|Any CPU.Build.0 = Debug|Any CPU
		{6517CA8C-AB3B-51E4-040A-A22F5769025F}.Release|Any CPU.ActiveCfg = Release|Any CPU
		{6517CA8C-AB3B-51E4-040A-A22F5769025F}.Release|Any CPU.Build.0 = Release|Any CPU
		{8860D77F-5BEA-C6C2-B4B2-FB5C519A761B}.Debug|Any CPU.ActiveCfg = Debug|Any CPU
		{8860D77F-5BEA-C6C2-B4B2-FB5C519A761B}.Debug|Any CPU.Build.0 = Debug|Any CPU
		{8860D77F-5BEA-C6C2-B4B2-FB5C519A761B}.Release|Any CPU.ActiveCfg = Release|Any CPU
		{8860D77F-5BEA-C6C2-B4B2-FB5C519A761B}.Release|Any CPU.Build.0 = Release|Any CPU
		{39A8C45F-59EF-1328-DD40-FBF74D6403FD}.Debug|Any CPU.ActiveCfg = Debug|Any CPU
		{39A8C45F-59EF-1328-DD40-FBF74D6403FD}.Debug|Any CPU.Build.0 = Debug|Any CPU
		{39A8C45F-59EF-1328-DD40-FBF74D6403FD}.Release|Any CPU.ActiveCfg = Release|Any CPU
		{39A8C45F-59EF-1328-DD40-FBF74D6403FD}.Release|Any CPU.Build.0 = Release|Any CPU
		{E1ADB783-B689-1308-658A-FC612768EE9A}.Debug|Any CPU.ActiveCfg = Debug|Any CPU
		{E1ADB783-B689-1308-658A-FC612768EE9A}.Debug|Any CPU.Build.0 = Debug|Any CPU
		{E1ADB783-B689-1308-658A-FC612768EE9A}.Release|Any CPU.ActiveCfg = Release|Any CPU
		{E1ADB783-B689-1308-658A-FC612768EE9A}.Release|Any CPU.Build.0 = Release|Any CPU
		{3452515F-EB93-9FD3-CBD8-B95661057D32}.Debug|Any CPU.ActiveCfg = Debug|Any CPU
		{3452515F-EB93-9FD3-CBD8-B95661057D32}.Debug|Any CPU.Build.0 = Debug|Any CPU
		{3452515F-EB93-9FD3-CBD8-B95661057D32}.Release|Any CPU.ActiveCfg = Release|Any CPU
		{3452515F-EB93-9FD3-CBD8-B95661057D32}.Release|Any CPU.Build.0 = Release|Any CPU
		{CA9C9E8C-0E9E-DE7D-2283-9EC8ADBD3A72}.Debug|Any CPU.ActiveCfg = Debug|Any CPU
		{CA9C9E8C-0E9E-DE7D-2283-9EC8ADBD3A72}.Debug|Any CPU.Build.0 = Debug|Any CPU
		{CA9C9E8C-0E9E-DE7D-2283-9EC8ADBD3A72}.Release|Any CPU.ActiveCfg = Release|Any CPU
		{CA9C9E8C-0E9E-DE7D-2283-9EC8ADBD3A72}.Release|Any CPU.Build.0 = Release|Any CPU
		{773F8B94-FB01-CD63-13D5-C2945CF2D11A}.Debug|Any CPU.ActiveCfg = Debug|Any CPU
		{773F8B94-FB01-CD63-13D5-C2945CF2D11A}.Debug|Any CPU.Build.0 = Debug|Any CPU
		{773F8B94-FB01-CD63-13D5-C2945CF2D11A}.Release|Any CPU.ActiveCfg = Release|Any CPU
		{773F8B94-FB01-CD63-13D5-C2945CF2D11A}.Release|Any CPU.Build.0 = Release|Any CPU
		{7AF07AE0-719D-8E7C-A9C8-718CBB90AEB6}.Debug|Any CPU.ActiveCfg = Debug|Any CPU
		{7AF07AE0-719D-8E7C-A9C8-718CBB90AEB6}.Debug|Any CPU.Build.0 = Debug|Any CPU
		{7AF07AE0-719D-8E7C-A9C8-718CBB90AEB6}.Release|Any CPU.ActiveCfg = Release|Any CPU
		{7AF07AE0-719D-8E7C-A9C8-718CBB90AEB6}.Release|Any CPU.Build.0 = Release|Any CPU
		{244B3EB0-3CB0-3407-5F4C-136C454C85ED}.Debug|Any CPU.ActiveCfg = Debug|Any CPU
		{244B3EB0-3CB0-3407-5F4C-136C454C85ED}.Debug|Any CPU.Build.0 = Debug|Any CPU
		{244B3EB0-3CB0-3407-5F4C-136C454C85ED}.Release|Any CPU.ActiveCfg = Release|Any CPU
		{244B3EB0-3CB0-3407-5F4C-136C454C85ED}.Release|Any CPU.Build.0 = Release|Any CPU
		{4F11CCEF-D52C-B0D3-493B-CF5BA73507A9}.Debug|Any CPU.ActiveCfg = Debug|Any CPU
		{4F11CCEF-D52C-B0D3-493B-CF5BA73507A9}.Debug|Any CPU.Build.0 = Debug|Any CPU
		{4F11CCEF-D52C-B0D3-493B-CF5BA73507A9}.Release|Any CPU.ActiveCfg = Release|Any CPU
		{4F11CCEF-D52C-B0D3-493B-CF5BA73507A9}.Release|Any CPU.Build.0 = Release|Any CPU
		{4BFE08C5-56D7-142F-BA43-D7F79353BADA}.Debug|Any CPU.ActiveCfg = Debug|Any CPU
		{4BFE08C5-56D7-142F-BA43-D7F79353BADA}.Debug|Any CPU.Build.0 = Debug|Any CPU
		{4BFE08C5-56D7-142F-BA43-D7F79353BADA}.Release|Any CPU.ActiveCfg = Release|Any CPU
		{4BFE08C5-56D7-142F-BA43-D7F79353BADA}.Release|Any CPU.Build.0 = Release|Any CPU
		{2DC01B80-D18D-34E4-B9C8-F3E2DBF5E621}.Debug|Any CPU.ActiveCfg = Debug|Any CPU
		{2DC01B80-D18D-34E4-B9C8-F3E2DBF5E621}.Debug|Any CPU.Build.0 = Debug|Any CPU
		{2DC01B80-D18D-34E4-B9C8-F3E2DBF5E621}.Release|Any CPU.ActiveCfg = Release|Any CPU
		{2DC01B80-D18D-34E4-B9C8-F3E2DBF5E621}.Release|Any CPU.Build.0 = Release|Any CPU
		{589C06F4-0456-6963-9A39-917396411983}.Debug|Any CPU.ActiveCfg = Debug|Any CPU
		{589C06F4-0456-6963-9A39-917396411983}.Debug|Any CPU.Build.0 = Debug|Any CPU
		{589C06F4-0456-6963-9A39-917396411983}.Release|Any CPU.ActiveCfg = Release|Any CPU
		{589C06F4-0456-6963-9A39-917396411983}.Release|Any CPU.Build.0 = Release|Any CPU
		{514475C6-6FE2-F7B4-690A-4AC7018BB2E6}.Debug|Any CPU.ActiveCfg = Debug|Any CPU
		{514475C6-6FE2-F7B4-690A-4AC7018BB2E6}.Debug|Any CPU.Build.0 = Debug|Any CPU
		{514475C6-6FE2-F7B4-690A-4AC7018BB2E6}.Release|Any CPU.ActiveCfg = Release|Any CPU
		{514475C6-6FE2-F7B4-690A-4AC7018BB2E6}.Release|Any CPU.Build.0 = Release|Any CPU
		{332838D3-D211-2BF9-48B6-7CD4A2241DE4}.Debug|Any CPU.ActiveCfg = Debug|Any CPU
		{332838D3-D211-2BF9-48B6-7CD4A2241DE4}.Debug|Any CPU.Build.0 = Debug|Any CPU
		{332838D3-D211-2BF9-48B6-7CD4A2241DE4}.Release|Any CPU.ActiveCfg = Release|Any CPU
		{332838D3-D211-2BF9-48B6-7CD4A2241DE4}.Release|Any CPU.Build.0 = Release|Any CPU
		{08402725-DC3E-6C0B-9E43-1A6D6E15E9BA}.Debug|Any CPU.ActiveCfg = Debug|Any CPU
		{08402725-DC3E-6C0B-9E43-1A6D6E15E9BA}.Debug|Any CPU.Build.0 = Debug|Any CPU
		{08402725-DC3E-6C0B-9E43-1A6D6E15E9BA}.Release|Any CPU.ActiveCfg = Release|Any CPU
		{08402725-DC3E-6C0B-9E43-1A6D6E15E9BA}.Release|Any CPU.Build.0 = Release|Any CPU
		{3C2D137C-4CE1-5850-6C17-A3C69ED11574}.Debug|Any CPU.ActiveCfg = Debug|Any CPU
		{3C2D137C-4CE1-5850-6C17-A3C69ED11574}.Debug|Any CPU.Build.0 = Debug|Any CPU
		{3C2D137C-4CE1-5850-6C17-A3C69ED11574}.Release|Any CPU.ActiveCfg = Release|Any CPU
		{3C2D137C-4CE1-5850-6C17-A3C69ED11574}.Release|Any CPU.Build.0 = Release|Any CPU
		{557ADC80-3EEE-2BAB-6E31-7259D1E2EE2F}.Debug|Any CPU.ActiveCfg = Debug|Any CPU
		{557ADC80-3EEE-2BAB-6E31-7259D1E2EE2F}.Debug|Any CPU.Build.0 = Debug|Any CPU
		{557ADC80-3EEE-2BAB-6E31-7259D1E2EE2F}.Release|Any CPU.ActiveCfg = Release|Any CPU
		{557ADC80-3EEE-2BAB-6E31-7259D1E2EE2F}.Release|Any CPU.Build.0 = Release|Any CPU
		{38F6A7AB-8F9E-069A-71BB-8591FD962640}.Debug|Any CPU.ActiveCfg = Debug|Any CPU
		{38F6A7AB-8F9E-069A-71BB-8591FD962640}.Debug|Any CPU.Build.0 = Debug|Any CPU
		{38F6A7AB-8F9E-069A-71BB-8591FD962640}.Release|Any CPU.ActiveCfg = Release|Any CPU
		{38F6A7AB-8F9E-069A-71BB-8591FD962640}.Release|Any CPU.Build.0 = Release|Any CPU
		{4800D534-A91A-B5E3-7E07-595AD7016F1B}.Debug|Any CPU.ActiveCfg = Debug|Any CPU
		{4800D534-A91A-B5E3-7E07-595AD7016F1B}.Debug|Any CPU.Build.0 = Debug|Any CPU
		{4800D534-A91A-B5E3-7E07-595AD7016F1B}.Release|Any CPU.ActiveCfg = Release|Any CPU
		{4800D534-A91A-B5E3-7E07-595AD7016F1B}.Release|Any CPU.Build.0 = Release|Any CPU
		{A47C0455-AFF4-E4D4-CF61-5524A566C6E1}.Debug|Any CPU.ActiveCfg = Debug|Any CPU
		{A47C0455-AFF4-E4D4-CF61-5524A566C6E1}.Debug|Any CPU.Build.0 = Debug|Any CPU
		{A47C0455-AFF4-E4D4-CF61-5524A566C6E1}.Release|Any CPU.ActiveCfg = Release|Any CPU
		{A47C0455-AFF4-E4D4-CF61-5524A566C6E1}.Release|Any CPU.Build.0 = Release|Any CPU
		{64416902-79A3-1D6B-5EB3-239EF7EE6FCF}.Debug|Any CPU.ActiveCfg = Debug|Any CPU
		{64416902-79A3-1D6B-5EB3-239EF7EE6FCF}.Debug|Any CPU.Build.0 = Debug|Any CPU
		{64416902-79A3-1D6B-5EB3-239EF7EE6FCF}.Release|Any CPU.ActiveCfg = Release|Any CPU
		{64416902-79A3-1D6B-5EB3-239EF7EE6FCF}.Release|Any CPU.Build.0 = Release|Any CPU
		{22DB51AB-48AD-0747-6BE1-34FB17B491C2}.Debug|Any CPU.ActiveCfg = Debug|Any CPU
		{22DB51AB-48AD-0747-6BE1-34FB17B491C2}.Debug|Any CPU.Build.0 = Debug|Any CPU
		{22DB51AB-48AD-0747-6BE1-34FB17B491C2}.Release|Any CPU.ActiveCfg = Release|Any CPU
		{22DB51AB-48AD-0747-6BE1-34FB17B491C2}.Release|Any CPU.Build.0 = Release|Any CPU
		{52FE32A6-2AD2-DEBA-3C17-81FDFFCE1FB0}.Debug|Any CPU.ActiveCfg = Debug|Any CPU
		{52FE32A6-2AD2-DEBA-3C17-81FDFFCE1FB0}.Debug|Any CPU.Build.0 = Debug|Any CPU
		{52FE32A6-2AD2-DEBA-3C17-81FDFFCE1FB0}.Release|Any CPU.ActiveCfg = Release|Any CPU
		{52FE32A6-2AD2-DEBA-3C17-81FDFFCE1FB0}.Release|Any CPU.Build.0 = Release|Any CPU
		{49354087-A0F5-8D98-5D57-76C741FE8C03}.Debug|Any CPU.ActiveCfg = Debug|Any CPU
		{49354087-A0F5-8D98-5D57-76C741FE8C03}.Debug|Any CPU.Build.0 = Debug|Any CPU
		{49354087-A0F5-8D98-5D57-76C741FE8C03}.Release|Any CPU.ActiveCfg = Release|Any CPU
		{49354087-A0F5-8D98-5D57-76C741FE8C03}.Release|Any CPU.Build.0 = Release|Any CPU
		{6E7A5F3B-FA31-EE85-74D8-7CB04FBB8A48}.Debug|Any CPU.ActiveCfg = Debug|Any CPU
		{6E7A5F3B-FA31-EE85-74D8-7CB04FBB8A48}.Debug|Any CPU.Build.0 = Debug|Any CPU
		{6E7A5F3B-FA31-EE85-74D8-7CB04FBB8A48}.Release|Any CPU.ActiveCfg = Release|Any CPU
		{6E7A5F3B-FA31-EE85-74D8-7CB04FBB8A48}.Release|Any CPU.Build.0 = Release|Any CPU
		{2BFC63EE-290D-46F0-5131-A58B3A593682}.Debug|Any CPU.ActiveCfg = Debug|Any CPU
		{2BFC63EE-290D-46F0-5131-A58B3A593682}.Debug|Any CPU.Build.0 = Debug|Any CPU
		{2BFC63EE-290D-46F0-5131-A58B3A593682}.Release|Any CPU.ActiveCfg = Release|Any CPU
		{2BFC63EE-290D-46F0-5131-A58B3A593682}.Release|Any CPU.Build.0 = Release|Any CPU
		{3BE73FC5-67DE-1E28-3E6B-EF39B87CF8EB}.Debug|Any CPU.ActiveCfg = Debug|Any CPU
		{3BE73FC5-67DE-1E28-3E6B-EF39B87CF8EB}.Debug|Any CPU.Build.0 = Debug|Any CPU
		{3BE73FC5-67DE-1E28-3E6B-EF39B87CF8EB}.Release|Any CPU.ActiveCfg = Release|Any CPU
		{3BE73FC5-67DE-1E28-3E6B-EF39B87CF8EB}.Release|Any CPU.Build.0 = Release|Any CPU
		{8C2EC605-6EE3-CF3E-F21B-835ADEC911C2}.Debug|Any CPU.ActiveCfg = Debug|Any CPU
		{8C2EC605-6EE3-CF3E-F21B-835ADEC911C2}.Debug|Any CPU.Build.0 = Debug|Any CPU
		{8C2EC605-6EE3-CF3E-F21B-835ADEC911C2}.Release|Any CPU.ActiveCfg = Release|Any CPU
		{8C2EC605-6EE3-CF3E-F21B-835ADEC911C2}.Release|Any CPU.Build.0 = Release|Any CPU
		{C96A4957-6A44-55F1-F114-D7E507F1729A}.Debug|Any CPU.ActiveCfg = Debug|Any CPU
		{C96A4957-6A44-55F1-F114-D7E507F1729A}.Debug|Any CPU.Build.0 = Debug|Any CPU
		{C96A4957-6A44-55F1-F114-D7E507F1729A}.Release|Any CPU.ActiveCfg = Release|Any CPU
		{C96A4957-6A44-55F1-F114-D7E507F1729A}.Release|Any CPU.Build.0 = Release|Any CPU
		{24EC843D-B64B-4562-7469-7C76E4EE2C44}.Debug|Any CPU.ActiveCfg = Debug|Any CPU
		{24EC843D-B64B-4562-7469-7C76E4EE2C44}.Debug|Any CPU.Build.0 = Debug|Any CPU
		{24EC843D-B64B-4562-7469-7C76E4EE2C44}.Release|Any CPU.ActiveCfg = Release|Any CPU
		{24EC843D-B64B-4562-7469-7C76E4EE2C44}.Release|Any CPU.Build.0 = Release|Any CPU
		{F182A4A1-4FCB-C820-AB54-090000371E18}.Debug|Any CPU.ActiveCfg = Debug|Any CPU
		{F182A4A1-4FCB-C820-AB54-090000371E18}.Debug|Any CPU.Build.0 = Debug|Any CPU
		{F182A4A1-4FCB-C820-AB54-090000371E18}.Release|Any CPU.ActiveCfg = Release|Any CPU
		{F182A4A1-4FCB-C820-AB54-090000371E18}.Release|Any CPU.Build.0 = Release|Any CPU
		{8712A488-56C0-9939-ADDE-C790680F95DF}.Debug|Any CPU.ActiveCfg = Debug|Any CPU
		{8712A488-56C0-9939-ADDE-C790680F95DF}.Debug|Any CPU.Build.0 = Debug|Any CPU
		{8712A488-56C0-9939-ADDE-C790680F95DF}.Release|Any CPU.ActiveCfg = Release|Any CPU
		{8712A488-56C0-9939-ADDE-C790680F95DF}.Release|Any CPU.Build.0 = Release|Any CPU
		{4F5DE387-4FE1-EF0E-98AD-A994A7D1A548}.Debug|Any CPU.ActiveCfg = Debug|Any CPU
		{4F5DE387-4FE1-EF0E-98AD-A994A7D1A548}.Debug|Any CPU.Build.0 = Debug|Any CPU
		{4F5DE387-4FE1-EF0E-98AD-A994A7D1A548}.Release|Any CPU.ActiveCfg = Release|Any CPU
		{4F5DE387-4FE1-EF0E-98AD-A994A7D1A548}.Release|Any CPU.Build.0 = Release|Any CPU
		{2D8F199D-3F48-E801-52AD-883160975DB5}.Debug|Any CPU.ActiveCfg = Debug|Any CPU
		{2D8F199D-3F48-E801-52AD-883160975DB5}.Debug|Any CPU.Build.0 = Debug|Any CPU
		{2D8F199D-3F48-E801-52AD-883160975DB5}.Release|Any CPU.ActiveCfg = Release|Any CPU
		{2D8F199D-3F48-E801-52AD-883160975DB5}.Release|Any CPU.Build.0 = Release|Any CPU
		{980A17A5-EF31-1FD1-5724-9870D9930E3D}.Debug|Any CPU.ActiveCfg = Debug|Any CPU
		{980A17A5-EF31-1FD1-5724-9870D9930E3D}.Debug|Any CPU.Build.0 = Debug|Any CPU
		{980A17A5-EF31-1FD1-5724-9870D9930E3D}.Release|Any CPU.ActiveCfg = Release|Any CPU
		{980A17A5-EF31-1FD1-5724-9870D9930E3D}.Release|Any CPU.Build.0 = Release|Any CPU
		{A051686A-DB12-FA03-C766-3B121BA933BC}.Debug|Any CPU.ActiveCfg = Debug|Any CPU
		{A051686A-DB12-FA03-C766-3B121BA933BC}.Debug|Any CPU.Build.0 = Debug|Any CPU
		{A051686A-DB12-FA03-C766-3B121BA933BC}.Release|Any CPU.ActiveCfg = Release|Any CPU
		{A051686A-DB12-FA03-C766-3B121BA933BC}.Release|Any CPU.Build.0 = Release|Any CPU
		{6341FD76-5055-8B0C-B364-C8DD70822935}.Debug|Any CPU.ActiveCfg = Debug|Any CPU
		{6341FD76-5055-8B0C-B364-C8DD70822935}.Debug|Any CPU.Build.0 = Debug|Any CPU
		{6341FD76-5055-8B0C-B364-C8DD70822935}.Release|Any CPU.ActiveCfg = Release|Any CPU
		{6341FD76-5055-8B0C-B364-C8DD70822935}.Release|Any CPU.Build.0 = Release|Any CPU
		{234B9E1F-3A5C-4C69-7E02-770D84E0E2A5}.Debug|Any CPU.ActiveCfg = Debug|Any CPU
		{234B9E1F-3A5C-4C69-7E02-770D84E0E2A5}.Debug|Any CPU.Build.0 = Debug|Any CPU
		{234B9E1F-3A5C-4C69-7E02-770D84E0E2A5}.Release|Any CPU.ActiveCfg = Release|Any CPU
		{234B9E1F-3A5C-4C69-7E02-770D84E0E2A5}.Release|Any CPU.Build.0 = Release|Any CPU
		{34E03EDB-9F64-E1C1-F1C0-78822C2E4B23}.Debug|Any CPU.ActiveCfg = Debug|Any CPU
		{34E03EDB-9F64-E1C1-F1C0-78822C2E4B23}.Debug|Any CPU.Build.0 = Debug|Any CPU
		{34E03EDB-9F64-E1C1-F1C0-78822C2E4B23}.Release|Any CPU.ActiveCfg = Release|Any CPU
		{34E03EDB-9F64-E1C1-F1C0-78822C2E4B23}.Release|Any CPU.Build.0 = Release|Any CPU
		{60BF090D-17A5-ECB0-1446-3D8082382F35}.Debug|Any CPU.ActiveCfg = Debug|Any CPU
		{60BF090D-17A5-ECB0-1446-3D8082382F35}.Debug|Any CPU.Build.0 = Debug|Any CPU
		{60BF090D-17A5-ECB0-1446-3D8082382F35}.Release|Any CPU.ActiveCfg = Release|Any CPU
		{60BF090D-17A5-ECB0-1446-3D8082382F35}.Release|Any CPU.Build.0 = Release|Any CPU
	EndGlobalSection
	GlobalSection(SolutionProperties) = preSolution
		HideSolutionNode = FALSE
	EndGlobalSection
EndGlobal
